<Solution>
  <Configurations>
    <Platform Name="Any CPU" />
    <Platform Name="x64" />
    <Platform Name="x86" />
  </Configurations>
  <Project Path="TEMPO.Api/TEMPO.Api.csproj" />
  <Project Path="TEMPO.DataLayer/TEMPO.DataLayer.csproj" />
  <Project Path="TEMPO.Domain/TEMPO.Domain.csproj" />
  <Project Path="TEMPO.ServiceLayer/TEMPO.ServiceLayer.csproj" />
</Solution>
